{
    "name": "mtasa_typescript_resource_boilerplate",
    "requires": true,
    "lockfileVersion": 1,
    "dependencies": {
        "ansi-colors": {
            "version": "4.1.1",
            "resolved": "https://registry.npmjs.org/ansi-colors/-/ansi-colors-4.1.1.tgz",
            "integrity": "sha512-JoX0apGbHaUJBNl6yF+p6JAFYZ666/hhCGKN5t9QFjbJQKUU/g8MNbFDbvfrgKXvI1QpZplPOnwIo99lX/AAmA=="
        },
        "arg": {
            "version": "4.1.3",
            "resolved": "https://registry.npmjs.org/arg/-/arg-4.1.3.tgz",
            "integrity": "sha512-58S9QDqG0Xx27YwPSt9fJxivjYl432YCwfDMfZ+71RAqUrZef7LrKQZ3LHLOwCS4FLNBplP533Zx895SeOCHvA==",
            "dev": true
        },
        "argparse": {
            "version": "2.0.1",
            "resolved": "https://registry.npmjs.org/argparse/-/argparse-2.0.1.tgz",
            "integrity": "sha512-8+9WqebbFzpX9OR+Wa6O29asIogeRMzcGtAINdpMHHyAg10f05aSFVBbcEqGf/PXw1EjAZ+q2/bEBg3DvurK3Q=="
        },
        "balanced-match": {
            "version": "1.0.2",
            "resolved": "https://registry.npmjs.org/balanced-match/-/balanced-match-1.0.2.tgz",
            "integrity": "sha512-3oSeUO0TMV67hN1AmbXsK4yaqU7tjiHlbxRDZOpH0KW9+CeX4bRAaX0Anxt0tx2MrpRpWwQaPwIlISEJhYU5Pw=="
        },
        "big-integer": {
            "version": "1.6.51",
            "resolved": "https://registry.npmjs.org/big-integer/-/big-integer-1.6.51.tgz",
            "integrity": "sha512-GPEid2Y9QU1Exl1rpO9B2IPJGHPSupF5GnVIP0blYvNOMer2bTvSWs1jGOUg04hTmu67nmLsQ9TBo1puaotBHg=="
        },
        "binary": {
            "version": "0.3.0",
            "resolved": "https://registry.npmjs.org/binary/-/binary-0.3.0.tgz",
            "integrity": "sha1-n2BVO8XOjDOG87VTz/R0Yq3sqnk=",
            "requires": {
                "buffers": "~0.1.1",
                "chainsaw": "~0.1.0"
            }
        },
        "bluebird": {
            "version": "3.4.7",
            "resolved": "https://registry.npmjs.org/bluebird/-/bluebird-3.4.7.tgz",
            "integrity": "sha1-9y12C+Cbf3bQjtj66Ysomo0F+rM="
        },
        "brace-expansion": {
            "version": "1.1.11",
            "resolved": "https://registry.npmjs.org/brace-expansion/-/brace-expansion-1.1.11.tgz",
            "integrity": "sha512-iCuPHDFgrHX7H2vEI/5xpz07zSHB00TpugqhmYtVmMO6518mCuRMoOYFldEBl0g187ufozdaHgWKcYFb61qGiA==",
            "requires": {
                "balanced-match": "^1.0.0",
                "concat-map": "0.0.1"
            }
        },
        "buffer-from": {
            "version": "1.1.2",
            "resolved": "https://registry.npmjs.org/buffer-from/-/buffer-from-1.1.2.tgz",
            "integrity": "sha512-E+XQCRwSbaaiChtv6k6Dwgc+bx+Bs6vuKJHHl5kox/BaKbhiXzqQOwK4cO22yElGp2OCmjwVhT3HmxgyPGnJfQ==",
            "dev": true
        },
        "buffer-indexof-polyfill": {
            "version": "1.0.2",
            "resolved": "https://registry.npmjs.org/buffer-indexof-polyfill/-/buffer-indexof-polyfill-1.0.2.tgz",
            "integrity": "sha512-I7wzHwA3t1/lwXQh+A5PbNvJxgfo5r3xulgpYDB5zckTu/Z9oUK9biouBKQUjEqzaz3HnAT6TYoovmE+GqSf7A=="
        },
        "buffers": {
            "version": "0.1.1",
            "resolved": "https://registry.npmjs.org/buffers/-/buffers-0.1.1.tgz",
            "integrity": "sha1-skV5w77U1tOWru5tmorn9Ugqt7s="
        },
        "chainsaw": {
            "version": "0.1.0",
            "resolved": "https://registry.npmjs.org/chainsaw/-/chainsaw-0.1.0.tgz",
            "integrity": "sha1-XqtQsor+WAdNDVgpE4iCi15fvJg=",
            "requires": {
                "traverse": ">=0.3.0 <0.4"
            }
        },
        "concat-map": {
            "version": "0.0.1",
            "resolved": "https://registry.npmjs.org/concat-map/-/concat-map-0.0.1.tgz",
            "integrity": "sha1-2Klr13/Wjfd5OnMDajug1UBdR3s="
        },
        "core-util-is": {
            "version": "1.0.3",
            "resolved": "https://registry.npmjs.org/core-util-is/-/core-util-is-1.0.3.tgz",
            "integrity": "sha512-ZQBvi1DcpJ4GDqanjucZ2Hj3wEO5pZDS89BWbkcrvdxksJorwUDDZamX9ldFkp9aw2lmBDLgkObEA4DWNJ9FYQ=="
        },
        "create-require": {
            "version": "1.1.1",
            "resolved": "https://registry.npmjs.org/create-require/-/create-require-1.1.1.tgz",
            "integrity": "sha512-dcKFX3jn0MpIaXjisoRvexIJVEKzaq7z2rZKxf+MSr9TkdmHmsU4m2lcLojrj/FHl8mk5VxMmYA+ftRkP/3oKQ==",
            "dev": true
        },
        "diff": {
            "version": "4.0.2",
            "resolved": "https://registry.npmjs.org/diff/-/diff-4.0.2.tgz",
            "integrity": "sha512-58lmxKSA4BNyLz+HHMUzlOEpg09FV+ev6ZMe3vJihgdxzgcwZ8VoEEPmALCZG9LmqfVoNMMKpttIYTVG6uDY7A==",
            "dev": true
        },
        "duplexer2": {
            "version": "0.1.4",
            "resolved": "https://registry.npmjs.org/duplexer2/-/duplexer2-0.1.4.tgz",
            "integrity": "sha1-ixLauHjA1p4+eJEFFmKjL8a93ME=",
            "requires": {
                "readable-stream": "^2.0.2"
            }
        },
        "enhanced-resolve": {
            "version": "5.8.2",
            "resolved": "https://registry.npmjs.org/enhanced-resolve/-/enhanced-resolve-5.8.2.tgz",
            "integrity": "sha512-F27oB3WuHDzvR2DOGNTaYy0D5o0cnrv8TeI482VM4kYgQd/FT9lUQwuNsJ0oOHtBUq7eiW5ytqzp7nBFknL+GA==",
            "requires": {
                "graceful-fs": "^4.2.4",
                "tapable": "^2.2.0"
            }
        },
        "enquirer": {
            "version": "2.3.6",
            "resolved": "https://registry.npmjs.org/enquirer/-/enquirer-2.3.6.tgz",
            "integrity": "sha512-yjNnPr315/FjS4zIsUxYguYUPP2e1NK4d7E7ZOLiyYCcbFBiTMyID+2wvm2w6+pZ/odMA7cRkjhsPbltwBOrLg==",
            "requires": {
                "ansi-colors": "^4.1.1"
            }
        },
        "fs.realpath": {
            "version": "1.0.0",
            "resolved": "https://registry.npmjs.org/fs.realpath/-/fs.realpath-1.0.0.tgz",
            "integrity": "sha1-FQStJSMVjKpA20onh8sBQRmU6k8="
        },
        "fstream": {
            "version": "1.0.12",
            "resolved": "https://registry.npmjs.org/fstream/-/fstream-1.0.12.tgz",
            "integrity": "sha512-WvJ193OHa0GHPEL+AycEJgxvBEwyfRkN1vhjca23OaPVMCaLCXTd5qAu82AjTcgP1UJmytkOKb63Ypde7raDIg==",
            "requires": {
                "graceful-fs": "^4.1.2",
                "inherits": "~2.0.0",
                "mkdirp": ">=0.5 0",
                "rimraf": "2"
            }
        },
        "function-bind": {
            "version": "1.1.1",
            "resolved": "https://registry.npmjs.org/function-bind/-/function-bind-1.1.1.tgz",
            "integrity": "sha512-yIovAzMX49sF8Yl58fSCWJ5svSLuaibPxXQJFLmBObTuCr0Mf1KiPopGM9NiFjiYBCbfaa2Fh6breQ6ANVTI0A=="
        },
        "glob": {
            "version": "7.2.0",
            "resolved": "https://registry.npmjs.org/glob/-/glob-7.2.0.tgz",
            "integrity": "sha512-lmLf6gtyrPq8tTjSmrO94wBeQbFR3HbLHbuyD69wuyQkImp2hWqMGB47OX65FBkPffO641IP9jWa1z4ivqG26Q==",
            "requires": {
                "fs.realpath": "^1.0.0",
                "inflight": "^1.0.4",
                "inherits": "2",
                "minimatch": "^3.0.4",
                "once": "^1.3.0",
                "path-is-absolute": "^1.0.0"
            }
        },
        "graceful-fs": {
            "version": "4.2.8",
            "resolved": "https://registry.npmjs.org/graceful-fs/-/graceful-fs-4.2.8.tgz",
            "integrity": "sha512-qkIilPUYcNhJpd33n0GBXTB1MMPp14TxEsEs0pTrsSVucApsYzW5V+Q8Qxhik6KU3evy+qkAAowTByymK0avdg=="
        },
        "has": {
            "version": "1.0.3",
            "resolved": "https://registry.npmjs.org/has/-/has-1.0.3.tgz",
            "integrity": "sha512-f2dvO0VU6Oej7RkWJGrehjbzMAjFp5/VKPp5tTpWIV4JHHZK1/BxbFRtf/siA2SWTe09caDmVtYYzWEIbBS4zw==",
            "requires": {
                "function-bind": "^1.1.1"
            }
        },
        "inflight": {
            "version": "1.0.6",
            "resolved": "https://registry.npmjs.org/inflight/-/inflight-1.0.6.tgz",
            "integrity": "sha1-Sb1jMdfQLQwJvJEKEHW6gWW1bfk=",
            "requires": {
                "once": "^1.3.0",
                "wrappy": "1"
            }
        },
        "inherits": {
            "version": "2.0.4",
            "resolved": "https://registry.npmjs.org/inherits/-/inherits-2.0.4.tgz",
            "integrity": "sha512-k/vGaX4/Yla3WzyMCvTQOXYeIHvqOKtnqBduzTHpzpQZzAskKMhZ2K+EnBiSM9zGSoIFeMpXKxa4dYeZIQqewQ=="
        },
        "is-core-module": {
            "version": "2.2.0",
            "resolved": "https://registry.npmjs.org/is-core-module/-/is-core-module-2.2.0.tgz",
            "integrity": "sha512-XRAfAdyyY5F5cOXn7hYQDqh2Xmii+DEfIcQGxK/uNwMHhIkPWO0g8msXcbzLe+MpGoR951MlqM/2iIlU4vKDdQ==",
            "requires": {
                "has": "^1.0.3"
            }
        },
        "isarray": {
            "version": "1.0.0",
            "resolved": "https://registry.npmjs.org/isarray/-/isarray-1.0.0.tgz",
            "integrity": "sha1-u5NdSFgsuhaMBoNJV6VKPgcSTxE="
        },
        "js-yaml": {
            "version": "4.1.0",
            "resolved": "https://registry.npmjs.org/js-yaml/-/js-yaml-4.1.0.tgz",
            "integrity": "sha512-wpxZs9NoxZaJESJGIZTyDEaYpl0FKSA+FB9aJiyemKhMwkxQg63h4T1KJgUGHpTqPDNRcmmYLugrRjJlBtWvRA==",
            "requires": {
                "argparse": "^2.0.1"
            }
        },
        "json5": {
            "version": "2.2.0",
            "resolved": "https://registry.npmjs.org/json5/-/json5-2.2.0.tgz",
            "integrity": "sha512-f+8cldu7X/y7RAJurMEJmdoKXGB/X550w2Nr3tTbezL6RwEE/iMcm+tZnXeoZtKuOq6ft8+CqzEkrIgx1fPoQA==",
            "requires": {
                "minimist": "^1.2.5"
            }
        },
        "jsonschema": {
            "version": "1.4.0",
            "resolved": "https://registry.npmjs.org/jsonschema/-/jsonschema-1.4.0.tgz",
            "integrity": "sha512-/YgW6pRMr6M7C+4o8kS+B/2myEpHCrxO4PEWnqJNBFMjn7EWXqlQ4tGwL6xTHeRplwuZmcAncdvfOad1nT2yMw=="
        },
        "listenercount": {
            "version": "1.0.1",
            "resolved": "https://registry.npmjs.org/listenercount/-/listenercount-1.0.1.tgz",
            "integrity": "sha1-hMinKrWcRyUyFIDJdeZQg0LnCTc="
        },
        "lua-types": {
            "version": "2.10.1",
            "resolved": "https://registry.npmjs.org/lua-types/-/lua-types-2.10.1.tgz",
            "integrity": "sha512-Ai7L25I5kHZYGN5C3LALUse7Eus0k/kM9tEO2zwReG2Xuker0c+0e2M4iyfiEvlGOmBc7cDouqJ5lFwyg8JqiQ==",
            "requires": {
                "typescript-to-lua": "^0.39.0"
            },
            "dependencies": {
                "typescript-to-lua": {
                    "version": "0.39.6",
                    "resolved": "https://registry.npmjs.org/typescript-to-lua/-/typescript-to-lua-0.39.6.tgz",
                    "integrity": "sha512-Yq+XsmFKknMlz9jm1FvTw5B7R4H8lYUly4uwxlR44aT4OFyG9S7mOImrTIF07j414PdrJSQ5dAAhQOBVRqHbMw==",
                    "requires": {
                        "resolve": "^1.15.1",
                        "source-map": "^0.7.3",
                        "typescript": "~4.3.2"
                    }
                }
            }
        },
        "make-error": {
            "version": "1.3.6",
            "resolved": "https://registry.npmjs.org/make-error/-/make-error-1.3.6.tgz",
            "integrity": "sha512-s8UhlNe7vPKomQhC1qFelMokr/Sc3AgNbso3n74mVPA5LTZwkB9NlXf4XPamLxJE8h0gh73rM94xvwRT2CVInw==",
            "dev": true
        },
        "minimatch": {
            "version": "3.0.4",
            "resolved": "https://registry.npmjs.org/minimatch/-/minimatch-3.0.4.tgz",
            "integrity": "sha512-yJHVQEhyqPLUTgt9B83PXu6W3rx4MvvHvSUvToogpwoGDOUQ+yDrR0HRot+yOCdCO7u4hX3pWft6kWBBcqh0UA==",
            "requires": {
                "brace-expansion": "^1.1.7"
            }
        },
        "minimist": {
            "version": "1.2.5",
            "resolved": "https://registry.npmjs.org/minimist/-/minimist-1.2.5.tgz",
            "integrity": "sha512-FM9nNUYrRBAELZQT3xeZQ7fmMOBg6nWNmJKTcgsJeaLstP/UODVpGsr5OhXhhXg6f+qtJ8uiZ+PUxkDWcgIXLw=="
        },
        "mkdirp": {
            "version": "0.5.5",
            "resolved": "https://registry.npmjs.org/mkdirp/-/mkdirp-0.5.5.tgz",
            "integrity": "sha512-NKmAlESf6jMGym1++R0Ra7wvhV+wFW63FaSOFPwRahvea0gMUcGUhVeAg/0BC0wiv9ih5NYPB1Wn1UEI1/L+xQ==",
            "requires": {
                "minimist": "^1.2.5"
            }
        },
        "mtasa-lua-types": {
            "version": "0.6.3",
            "resolved": "https://registry.npmjs.org/mtasa-lua-types/-/mtasa-lua-types-0.6.3.tgz",
            "integrity": "sha512-njOJWRSOgDN4UXmVoj+hepdoKGAHYl6/yeivDycrZBsRrklooNf/13yfjrtHw07OiMipuvm9H3GDnHgsQv8MHQ==",
            "requires": {
                "lua-types": "^2.8.0",
                "typescript": "^4.2.3",
                "typescript-to-lua": "^0.42.0"
            }
        },
        "mtasa-lua-utils": {
            "version": "1.0.4",
            "resolved": "https://registry.npmjs.org/mtasa-lua-utils/-/mtasa-lua-utils-1.0.4.tgz",
            "integrity": "sha512-ecVT6YxI/ivrE4dwEWwZZ2b0/Wmq/3H0df28VURH/9g0gPOW5IFO/XxTlVpOmfAnkFASF4VSdoHY5FISXiP3GA==",
            "requires": {
                "enquirer": "^2.3.6",
                "js-yaml": "^4.1.0",
                "json5": "^2.2.0",
                "jsonschema": "^1.4.0",
                "typescript-to-lua": "^1.0.1",
                "unzipper": "^0.10.11",
                "xml-js": "^1.6.11"
            },
            "dependencies": {
                "typescript-to-lua": {
                    "version": "1.3.1",
                    "resolved": "https://registry.npmjs.org/typescript-to-lua/-/typescript-to-lua-1.3.1.tgz",
                    "integrity": "sha512-kizX/U0f1rXIUgs8MMqRiZkAi1t30+9cm8ZKuK6hZalJgX30IEQk4KPzgr1AQ17Bd+kBTJTw9XKHpVLKVC0Lyw==",
                    "requires": {
                        "enhanced-resolve": "^5.8.2",
                        "resolve": "^1.15.1",
                        "source-map": "^0.7.3"
                    }
                }
            }
        },
        "once": {
            "version": "1.4.0",
            "resolved": "https://registry.npmjs.org/once/-/once-1.4.0.tgz",
            "integrity": "sha1-WDsap3WWHUsROsF9nFC6753Xa9E=",
            "requires": {
                "wrappy": "1"
            }
        },
        "path-is-absolute": {
            "version": "1.0.1",
            "resolved": "https://registry.npmjs.org/path-is-absolute/-/path-is-absolute-1.0.1.tgz",
            "integrity": "sha1-F0uSaHNVNP+8es5r9TpanhtcX18="
        },
        "path-parse": {
            "version": "1.0.6",
            "resolved": "https://registry.npmjs.org/path-parse/-/path-parse-1.0.6.tgz",
            "integrity": "sha512-GSmOT2EbHrINBf9SR7CDELwlJ8AENk3Qn7OikK4nFYAu3Ote2+JYNVvkpAEQm3/TLNEJFD/xZJjzyxg3KBWOzw=="
        },
        "process-nextick-args": {
            "version": "2.0.1",
            "resolved": "https://registry.npmjs.org/process-nextick-args/-/process-nextick-args-2.0.1.tgz",
            "integrity": "sha512-3ouUOpQhtgrbOa17J7+uxOTpITYWaGP7/AhoR3+A+/1e9skrzelGi/dXzEYyvbxubEF6Wn2ypscTKiKJFFn1ag=="
        },
        "readable-stream": {
            "version": "2.3.7",
            "resolved": "https://registry.npmjs.org/readable-stream/-/readable-stream-2.3.7.tgz",
            "integrity": "sha512-Ebho8K4jIbHAxnuxi7o42OrZgF/ZTNcsZj6nRKyUmkhLFq8CHItp/fy6hQZuZmP/n3yZ9VBUbp4zz/mX8hmYPw==",
            "requires": {
                "core-util-is": "~1.0.0",
                "inherits": "~2.0.3",
                "isarray": "~1.0.0",
                "process-nextick-args": "~2.0.0",
                "safe-buffer": "~5.1.1",
                "string_decoder": "~1.1.1",
                "util-deprecate": "~1.0.1"
            }
        },
        "resolve": {
            "version": "1.20.0",
            "resolved": "https://registry.npmjs.org/resolve/-/resolve-1.20.0.tgz",
            "integrity": "sha512-wENBPt4ySzg4ybFQW2TT1zMQucPK95HSh/nq2CFTZVOGut2+pQvSsgtda4d26YrYcr067wjbmzOG8byDPBX63A==",
            "requires": {
                "is-core-module": "^2.2.0",
                "path-parse": "^1.0.6"
            }
        },
        "rimraf": {
            "version": "2.7.1",
            "resolved": "https://registry.npmjs.org/rimraf/-/rimraf-2.7.1.tgz",
            "integrity": "sha512-uWjbaKIK3T1OSVptzX7Nl6PvQ3qAGtKEtVRjRuazjfL3Bx5eI409VZSqgND+4UNnmzLVdPj9FqFJNPqBZFve4w==",
            "requires": {
                "glob": "^7.1.3"
            }
        },
        "safe-buffer": {
            "version": "5.1.2",
            "resolved": "https://registry.npmjs.org/safe-buffer/-/safe-buffer-5.1.2.tgz",
            "integrity": "sha512-Gd2UZBJDkXlY7GbJxfsE8/nvKkUEU1G38c1siN6QP6a9PT9MmHB8GnpscSmMJSoF8LOIrt8ud/wPtojys4G6+g=="
        },
        "sax": {
            "version": "1.2.4",
            "resolved": "https://registry.npmjs.org/sax/-/sax-1.2.4.tgz",
            "integrity": "sha512-NqVDv9TpANUjFm0N8uM5GxL36UgKi9/atZw+x7YFnQ8ckwFGKrl4xX4yWtrey3UJm5nP1kUbnYgLopqWNSRhWw=="
        },
        "setimmediate": {
            "version": "1.0.5",
            "resolved": "https://registry.npmjs.org/setimmediate/-/setimmediate-1.0.5.tgz",
            "integrity": "sha1-KQy7Iy4waULX1+qbg3Mqt4VvgoU="
        },
        "source-map": {
            "version": "0.7.3",
            "resolved": "https://registry.npmjs.org/source-map/-/source-map-0.7.3.tgz",
            "integrity": "sha512-CkCj6giN3S+n9qrYiBTX5gystlENnRW5jZeNLHpe6aue+SrHcG5VYwujhW9s4dY31mEGsxBDrHR6oI69fTXsaQ=="
        },
        "source-map-support": {
            "version": "0.5.19",
            "resolved": "https://registry.npmjs.org/source-map-support/-/source-map-support-0.5.19.tgz",
            "integrity": "sha512-Wonm7zOCIJzBGQdB+thsPar0kYuCIzYvxZwlBa87yi/Mdjv7Tip2cyVbLj5o0cFPN4EVkuTwb3GDDyUx2DGnGw==",
            "dev": true,
            "requires": {
                "buffer-from": "^1.0.0",
                "source-map": "^0.6.0"
            },
            "dependencies": {
                "source-map": {
                    "version": "0.6.1",
                    "resolved": "https://registry.npmjs.org/source-map/-/source-map-0.6.1.tgz",
                    "integrity": "sha512-UjgapumWlbMhkBgzT7Ykc5YXUT46F0iKu8SGXq0bcwP5dz/h0Plj6enJqjz1Zbq2l5WaqYnrVbwWOWMyF3F47g==",
                    "dev": true
                }
            }
        },
        "string_decoder": {
            "version": "1.1.1",
            "resolved": "https://registry.npmjs.org/string_decoder/-/string_decoder-1.1.1.tgz",
            "integrity": "sha512-n/ShnvDi6FHbbVfviro+WojiFzv+s8MPMHBczVePfUpDJLwoLT0ht1l4YwBCbi8pJAveEEdnkHyPyTP/mzRfwg==",
            "requires": {
                "safe-buffer": "~5.1.0"
            }
        },
        "tapable": {
            "version": "2.2.0",
            "resolved": "https://registry.npmjs.org/tapable/-/tapable-2.2.0.tgz",
            "integrity": "sha512-FBk4IesMV1rBxX2tfiK8RAmogtWn53puLOQlvO8XuwlgxcYbP4mVPS9Ph4aeamSyyVjOl24aYWAuc8U5kCVwMw=="
        },
        "traverse": {
            "version": "0.3.9",
            "resolved": "https://registry.npmjs.org/traverse/-/traverse-0.3.9.tgz",
            "integrity": "sha1-cXuPIgzAu3tE5AUUwisui7xw2Lk="
        },
        "ts-node": {
            "version": "9.1.1",
            "resolved": "https://registry.npmjs.org/ts-node/-/ts-node-9.1.1.tgz",
            "integrity": "sha512-hPlt7ZACERQGf03M253ytLY3dHbGNGrAq9qIHWUY9XHYl1z7wYngSr3OQ5xmui8o2AaxsONxIzjafLUiWBo1Fg==",
            "dev": true,
            "requires": {
                "arg": "^4.1.0",
                "create-require": "^1.1.0",
                "diff": "^4.0.1",
                "make-error": "^1.1.1",
                "source-map-support": "^0.5.17",
                "yn": "3.1.1"
            }
        },
        "ttypescript": {
            "version": "1.5.12",
            "resolved": "https://registry.npmjs.org/ttypescript/-/ttypescript-1.5.12.tgz",
            "integrity": "sha512-1ojRyJvpnmgN9kIHmUnQPlEV1gq+VVsxVYjk/NfvMlHSmYxjK5hEvOOU2MQASrbekTUiUM7pR/nXeCc8bzvMOQ==",
            "dev": true,
            "requires": {
                "resolve": ">=1.9.0"
            }
        },
        "typescript": {
            "version": "4.3.5",
            "resolved": "https://registry.npmjs.org/typescript/-/typescript-4.3.5.tgz",
            "integrity": "sha512-DqQgihaQ9cUrskJo9kIyW/+g0Vxsk8cDtZ52a3NGh0YNTfpUSArXSohyUGnvbPazEPLu398C0UxmKSOrPumUzA=="
        },
        "typescript-to-lua": {
            "version": "0.42.0",
            "resolved": "https://registry.npmjs.org/typescript-to-lua/-/typescript-to-lua-0.42.0.tgz",
            "integrity": "sha512-hkHYdeTQn2SNnyzEeOsrDST5TSiOjUiSmYMk5CcNGWcDuFj7ogd+v5GdDG47IO6Z0zk5sBVh2R/h2GZSYqv3/w==",
            "requires": {
                "enhanced-resolve": "^5.8.2",
                "resolve": "^1.15.1",
                "source-map": "^0.7.3",
                "typescript": "~4.3.2"
            }
        },
        "unzipper": {
            "version": "0.10.11",
            "resolved": "https://registry.npmjs.org/unzipper/-/unzipper-0.10.11.tgz",
            "integrity": "sha512-+BrAq2oFqWod5IESRjL3S8baohbevGcVA+teAIOYWM3pDVdseogqbzhhvvmiyQrUNKFUnDMtELW3X8ykbyDCJw==",
            "requires": {
                "big-integer": "^1.6.17",
                "binary": "~0.3.0",
                "bluebird": "~3.4.1",
                "buffer-indexof-polyfill": "~1.0.0",
                "duplexer2": "~0.1.4",
                "fstream": "^1.0.12",
                "graceful-fs": "^4.2.2",
                "listenercount": "~1.0.1",
                "readable-stream": "~2.3.6",
                "setimmediate": "~1.0.4"
            }
        },
        "util-deprecate": {
            "version": "1.0.2",
            "resolved": "https://registry.npmjs.org/util-deprecate/-/util-deprecate-1.0.2.tgz",
            "integrity": "sha1-RQ1Nyfpw3nMnYvvS1KKJgUGaDM8="
        },
        "wrappy": {
            "version": "1.0.2",
            "resolved": "https://registry.npmjs.org/wrappy/-/wrappy-1.0.2.tgz",
            "integrity": "sha1-tSQ9jz7BqjXxNkYFvA0QNuMKtp8="
        },
        "xml-js": {
            "version": "1.6.11",
            "resolved": "https://registry.npmjs.org/xml-js/-/xml-js-1.6.11.tgz",
            "integrity": "sha512-7rVi2KMfwfWFl+GpPg6m80IVMWXLRjO+PxTq7V2CDhoGak0wzYzFgUY2m4XJ47OGdXd8eLE8EmwfAmdjw7lC1g==",
            "requires": {
                "sax": "^1.2.4"
            }
        },
        "yn": {
            "version": "3.1.1",
            "resolved": "https://registry.npmjs.org/yn/-/yn-3.1.1.tgz",
            "integrity": "sha512-Ux4ygGWsu2c7isFWe8Yu1YluJmqVhxqK2cLXNQA5AcC3QfbGNpM7fu0Y8b/z16pXLnFxZYvWhd3fhBY9DLmC6Q==",
            "dev": true
        }
    }
}
